{
  "name": "plantid_ai",
  "lockfileVersion": 3,
  "requires": true,
  "packages": {
    "": {
      "dependencies": {
        "phi": "^0.0.2"
      }
    },
    "node_modules/phi": {
      "version": "0.0.2",
      "resolved": "https://registry.npmjs.org/phi/-/phi-0.0.2.tgz",
      "integrity": "sha512-43W4u0/GPHRz2yh80EJYgeYKpniEOfB48Afk4elKAHSZ4KSooFp0PMBDLOm1gc2+fArdLK728zr/JwqVLSv9Kw==",
      "dependencies": {
        "uglify-js": "*"
      },
      "engines": {
        "node": ">=0.6"
      }
    },
    "node_modules/uglify-js": {
      "version": "3.19.3",
      "resolved": "https://registry.npmjs.org/uglify-js/-/uglify-js-3.19.3.tgz",
      "integrity": "sha512-v3Xu+yuwBXisp6QYTcH4UbH+xYJXqnq2m/LtQVWKWzYc1iehYnLixoQDN9FH6/j9/oybfd6W9Ghwkl8+UMKTKQ==",
      "license": "BSD-2-Clause",
      "bin": {
        "uglifyjs": "bin/uglifyjs"
      },
      "engines": {
        "node": ">=0.8.0"
      }
    }
  }
}
